
Microsoft Visual Studio Solution File, Format Version 12.00
# Visual Studio Version 16
VisualStudioVersion = 16.0.31005.135
MinimumVisualStudioVersion = 10.0.40219.1
Project("{9A19103F-16F7-4668-BE54-9A1E7A4F7556}") = "Metotlar", "KampIntro\Metotlar.csproj", "{A559A317-DE0B-405F-93E3-6B13F8BD6FCD}"
EndProject
Project("{9A19103F-16F7-4668-BE54-9A1E7A4F7556}") = "Matematik", "Matematik\Matematik.csproj", "{BB1B22E6-FC36-4D8C-BE38-6AE33C777748}"
EndProject
Project("{9A19103F-16F7-4668-BE54-9A1E7A4F7556}") = "DegerVeReferansTipler", "DegerVeReferansTipler\DegerVeReferansTipler.csproj", "{2E081B0B-51AF-4A9E-A6C7-EFCF9C2B4EEA}"
EndProject
Project("{9A19103F-16F7-4668-BE54-9A1E7A4F7556}") = "ClassMethodDemo", "Musteri\ClassMethodDemo.csproj", "{B9D53DB7-9E36-4B8F-B212-403C4AAD4D3B}"
EndProject
Project("{9A19103F-16F7-4668-BE54-9A1E7A4F7556}") = "OOP1", "OOP1\OOP1.csproj", "{B14E7C2B-44E1-4FCF-A57E-7F0A7696972B}"
EndProject
Project("{9A19103F-16F7-4668-BE54-9A1E7A4F7556}") = "Koleksiyonlar", "Koleksiyonlar\Koleksiyonlar.csproj", "{FD908276-6FAA-4F82-969B-C777FA08EC69}"
EndProject
Project("{9A19103F-16F7-4668-BE54-9A1E7A4F7556}") = "GenericsIntro", "GenericsIntro\GenericsIntro.csproj", "{C1B785F1-AC3B-45C8-9C15-E92BEF4FFE21}"
EndProject
Project("{9A19103F-16F7-4668-BE54-9A1E7A4F7556}") = "Genericss", "Genericss\Genericss.csproj", "{E0593192-8484-4FA1-8CB5-502F0B17F06A}"
EndProject
Project("{9A19103F-16F7-4668-BE54-9A1E7A4F7556}") = "Oop2", "Oop2\Oop2.csproj", "{9FEC24B1-E50D-4B5F-919E-46356D5F7544}"
EndProject
Project("{9A19103F-16F7-4668-BE54-9A1E7A4F7556}") = "OOP3", "OOP3\OOP3.csproj", "{CE47DEBE-7068-43F9-9025-709A4794441F}"
EndProject
Project("{9A19103F-16F7-4668-BE54-9A1E7A4F7556}") = "ClassWork", "ClassWork\ClassWork.csproj", "{772B2765-683C-4D6C-B5DC-0B5DD70B79F0}"
EndProject
Project("{FAE04EC0-301F-11D3-BF4B-00C04F79EFBC}") = "RecapDemo1", "RecapDemo1\RecapDemo1.csproj", "{39ADA86A-D94D-4E6C-A6A9-168E8244872E}"
EndProject
Project("{9A19103F-16F7-4668-BE54-9A1E7A4F7556}") = "İnterfacesSubjects", "İnterfacesSubjects\İnterfacesSubjects.csproj", "{3C01E0D6-1A20-4E38-878A-E5D5457A375B}"
EndProject
Project("{9A19103F-16F7-4668-BE54-9A1E7A4F7556}") = "DemoOfİnterfaces", "DemoOfİnterfaces\DemoOfİnterfaces.csproj", "{F1104C2A-58CA-4FAB-BECD-BF0843C777F0}"
EndProject
Project("{9A19103F-16F7-4668-BE54-9A1E7A4F7556}") = "Inheritance", "Inheritance\Inheritance.csproj", "{FC4EF63D-0A09-4C60-8516-E691987632A6}"
EndProject
Project("{9A19103F-16F7-4668-BE54-9A1E7A4F7556}") = "Interfaces2", "Interfaces2\Interfaces2.csproj", "{DFB99597-0B03-472D-8CB2-016A77E78A62}"
EndProject
Project("{9A19103F-16F7-4668-BE54-9A1E7A4F7556}") = "InterfaceAbstractDemo", "InterfaceAbstractDemo\InterfaceAbstractDemo.csproj", "{FDC79BCF-1DB2-4A19-9C76-86E2F459F6F3}"
EndProject
Project("{FAE04EC0-301F-11D3-BF4B-00C04F79EFBC}") = "GameProject", "GameProject\GameProject.csproj", "{82EFAC16-1CEE-48AF-BB54-E02DF8EBF814}"
EndProject
Global
	GlobalSection(SolutionConfigurationPlatforms) = preSolution
		Debug|Any CPU = Debug|Any CPU
		Release|Any CPU = Release|Any CPU
	EndGlobalSection
	GlobalSection(ProjectConfigurationPlatforms) = postSolution
		{A559A317-DE0B-405F-93E3-6B13F8BD6FCD}.Debug|Any CPU.ActiveCfg = Debug|Any CPU
		{A559A317-DE0B-405F-93E3-6B13F8BD6FCD}.Debug|Any CPU.Build.0 = Debug|Any CPU
		{A559A317-DE0B-405F-93E3-6B13F8BD6FCD}.Release|Any CPU.ActiveCfg = Release|Any CPU
		{A559A317-DE0B-405F-93E3-6B13F8BD6FCD}.Release|Any CPU.Build.0 = Release|Any CPU
		{BB1B22E6-FC36-4D8C-BE38-6AE33C777748}.Debug|Any CPU.ActiveCfg = Debug|Any CPU
		{BB1B22E6-FC36-4D8C-BE38-6AE33C777748}.Debug|Any CPU.Build.0 = Debug|Any CPU
		{BB1B22E6-FC36-4D8C-BE38-6AE33C777748}.Release|Any CPU.ActiveCfg = Release|Any CPU
		{BB1B22E6-FC36-4D8C-BE38-6AE33C777748}.Release|Any CPU.Build.0 = Release|Any CPU
		{2E081B0B-51AF-4A9E-A6C7-EFCF9C2B4EEA}.Debug|Any CPU.ActiveCfg = Debug|Any CPU
		{2E081B0B-51AF-4A9E-A6C7-EFCF9C2B4EEA}.Debug|Any CPU.Build.0 = Debug|Any CPU
		{2E081B0B-51AF-4A9E-A6C7-EFCF9C2B4EEA}.Release|Any CPU.ActiveCfg = Release|Any CPU
		{2E081B0B-51AF-4A9E-A6C7-EFCF9C2B4EEA}.Release|Any CPU.Build.0 = Release|Any CPU
		{B9D53DB7-9E36-4B8F-B212-403C4AAD4D3B}.Debug|Any CPU.ActiveCfg = Debug|Any CPU
		{B9D53DB7-9E36-4B8F-B212-403C4AAD4D3B}.Debug|Any CPU.Build.0 = Debug|Any CPU
		{B9D53DB7-9E36-4B8F-B212-403C4AAD4D3B}.Release|Any CPU.ActiveCfg = Release|Any CPU
		{B9D53DB7-9E36-4B8F-B212-403C4AAD4D3B}.Release|Any CPU.Build.0 = Release|Any CPU
		{B14E7C2B-44E1-4FCF-A57E-7F0A7696972B}.Debug|Any CPU.ActiveCfg = Debug|Any CPU
		{B14E7C2B-44E1-4FCF-A57E-7F0A7696972B}.Debug|Any CPU.Build.0 = Debug|Any CPU
		{B14E7C2B-44E1-4FCF-A57E-7F0A7696972B}.Release|Any CPU.ActiveCfg = Release|Any CPU
		{B14E7C2B-44E1-4FCF-A57E-7F0A7696972B}.Release|Any CPU.Build.0 = Release|Any CPU
		{FD908276-6FAA-4F82-969B-C777FA08EC69}.Debug|Any CPU.ActiveCfg = Debug|Any CPU
		{FD908276-6FAA-4F82-969B-C777FA08EC69}.Debug|Any CPU.Build.0 = Debug|Any CPU
		{FD908276-6FAA-4F82-969B-C777FA08EC69}.Release|Any CPU.ActiveCfg = Release|Any CPU
		{FD908276-6FAA-4F82-969B-C777FA08EC69}.Release|Any CPU.Build.0 = Release|Any CPU
		{C1B785F1-AC3B-45C8-9C15-E92BEF4FFE21}.Debug|Any CPU.ActiveCfg = Debug|Any CPU
		{C1B785F1-AC3B-45C8-9C15-E92BEF4FFE21}.Debug|Any CPU.Build.0 = Debug|Any CPU
		{C1B785F1-AC3B-45C8-9C15-E92BEF4FFE21}.Release|Any CPU.ActiveCfg = Release|Any CPU
		{C1B785F1-AC3B-45C8-9C15-E92BEF4FFE21}.Release|Any CPU.Build.0 = Release|Any CPU
		{E0593192-8484-4FA1-8CB5-502F0B17F06A}.Debug|Any CPU.ActiveCfg = Debug|Any CPU
		{E0593192-8484-4FA1-8CB5-502F0B17F06A}.Debug|Any CPU.Build.0 = Debug|Any CPU
		{E0593192-8484-4FA1-8CB5-502F0B17F06A}.Release|Any CPU.ActiveCfg = Release|Any CPU
		{E0593192-8484-4FA1-8CB5-502F0B17F06A}.Release|Any CPU.Build.0 = Release|Any CPU
		{9FEC24B1-E50D-4B5F-919E-46356D5F7544}.Debug|Any CPU.ActiveCfg = Debug|Any CPU
		{9FEC24B1-E50D-4B5F-919E-46356D5F7544}.Debug|Any CPU.Build.0 = Debug|Any CPU
		{9FEC24B1-E50D-4B5F-919E-46356D5F7544}.Release|Any CPU.ActiveCfg = Release|Any CPU
		{9FEC24B1-E50D-4B5F-919E-46356D5F7544}.Release|Any CPU.Build.0 = Release|Any CPU
		{CE47DEBE-7068-43F9-9025-709A4794441F}.Debug|Any CPU.ActiveCfg = Debug|Any CPU
		{CE47DEBE-7068-43F9-9025-709A4794441F}.Debug|Any CPU.Build.0 = Debug|Any CPU
		{CE47DEBE-7068-43F9-9025-709A4794441F}.Release|Any CPU.ActiveCfg = Release|Any CPU
		{CE47DEBE-7068-43F9-9025-709A4794441F}.Release|Any CPU.Build.0 = Release|Any CPU
		{772B2765-683C-4D6C-B5DC-0B5DD70B79F0}.Debug|Any CPU.ActiveCfg = Debug|Any CPU
		{772B2765-683C-4D6C-B5DC-0B5DD70B79F0}.Debug|Any CPU.Build.0 = Debug|Any CPU
		{772B2765-683C-4D6C-B5DC-0B5DD70B79F0}.Release|Any CPU.ActiveCfg = Release|Any CPU
		{772B2765-683C-4D6C-B5DC-0B5DD70B79F0}.Release|Any CPU.Build.0 = Release|Any CPU
		{39ADA86A-D94D-4E6C-A6A9-168E8244872E}.Debug|Any CPU.ActiveCfg = Debug|Any CPU
		{39ADA86A-D94D-4E6C-A6A9-168E8244872E}.Debug|Any CPU.Build.0 = Debug|Any CPU
		{39ADA86A-D94D-4E6C-A6A9-168E8244872E}.Release|Any CPU.ActiveCfg = Release|Any CPU
		{39ADA86A-D94D-4E6C-A6A9-168E8244872E}.Release|Any CPU.Build.0 = Release|Any CPU
		{3C01E0D6-1A20-4E38-878A-E5D5457A375B}.Debug|Any CPU.ActiveCfg = Debug|Any CPU
		{3C01E0D6-1A20-4E38-878A-E5D5457A375B}.Debug|Any CPU.Build.0 = Debug|Any CPU
		{3C01E0D6-1A20-4E38-878A-E5D5457A375B}.Release|Any CPU.ActiveCfg = Release|Any CPU
		{3C01E0D6-1A20-4E38-878A-E5D5457A375B}.Release|Any CPU.Build.0 = Release|Any CPU
		{F1104C2A-58CA-4FAB-BECD-BF0843C777F0}.Debug|Any CPU.ActiveCfg = Debug|Any CPU
		{F1104C2A-58CA-4FAB-BECD-BF0843C777F0}.Debug|Any CPU.Build.0 = Debug|Any CPU
		{F1104C2A-58CA-4FAB-BECD-BF0843C777F0}.Release|Any CPU.ActiveCfg = Release|Any CPU
		{F1104C2A-58CA-4FAB-BECD-BF0843C777F0}.Release|Any CPU.Build.0 = Release|Any CPU
		{FC4EF63D-0A09-4C60-8516-E691987632A6}.Debug|Any CPU.ActiveCfg = Debug|Any CPU
		{FC4EF63D-0A09-4C60-8516-E691987632A6}.Debug|Any CPU.Build.0 = Debug|Any CPU
		{FC4EF63D-0A09-4C60-8516-E691987632A6}.Release|Any CPU.ActiveCfg = Release|Any CPU
		{FC4EF63D-0A09-4C60-8516-E691987632A6}.Release|Any CPU.Build.0 = Release|Any CPU
		{DFB99597-0B03-472D-8CB2-016A77E78A62}.Debug|Any CPU.ActiveCfg = Debug|Any CPU
		{DFB99597-0B03-472D-8CB2-016A77E78A62}.Debug|Any CPU.Build.0 = Debug|Any CPU
		{DFB99597-0B03-472D-8CB2-016A77E78A62}.Release|Any CPU.ActiveCfg = Release|Any CPU
		{DFB99597-0B03-472D-8CB2-016A77E78A62}.Release|Any CPU.Build.0 = Release|Any CPU
		{FDC79BCF-1DB2-4A19-9C76-86E2F459F6F3}.Debug|Any CPU.ActiveCfg = Debug|Any CPU
		{FDC79BCF-1DB2-4A19-9C76-86E2F459F6F3}.Debug|Any CPU.Build.0 = Debug|Any CPU
		{FDC79BCF-1DB2-4A19-9C76-86E2F459F6F3}.Release|Any CPU.ActiveCfg = Release|Any CPU
		{FDC79BCF-1DB2-4A19-9C76-86E2F459F6F3}.Release|Any CPU.Build.0 = Release|Any CPU
		{82EFAC16-1CEE-48AF-BB54-E02DF8EBF814}.Debug|Any CPU.ActiveCfg = Debug|Any CPU
		{82EFAC16-1CEE-48AF-BB54-E02DF8EBF814}.Debug|Any CPU.Build.0 = Debug|Any CPU
		{82EFAC16-1CEE-48AF-BB54-E02DF8EBF814}.Release|Any CPU.ActiveCfg = Release|Any CPU
		{82EFAC16-1CEE-48AF-BB54-E02DF8EBF814}.Release|Any CPU.Build.0 = Release|Any CPU
	EndGlobalSection
	GlobalSection(SolutionProperties) = preSolution
		HideSolutionNode = FALSE
	EndGlobalSection
	GlobalSection(ExtensibilityGlobals) = postSolution
		SolutionGuid = {B760407D-D093-41E5-AB1F-60F04B01A6E3}
	EndGlobalSection
EndGlobal
